// !$*UTF8*$!
{
	archiveVersion = 1;
	classes = {
	};
	objectVersion = 46;
	objects = {

/* Begin PBXBuildFile section */
		56B048331D616390002F935F /* main.m in Sources */ = {isa = PBXBuildFile; fileRef = 56B048321D616390002F935F /* main.m */; };
		56B048361D616390002F935F /* AppDelegate.m in Sources */ = {isa = PBXBuildFile; fileRef = 56B048351D616390002F935F /* AppDelegate.m */; };
		56B048391D616390002F935F /* ViewController.m in Sources */ = {isa = PBXBuildFile; fileRef = 56B048381D616390002F935F /* ViewController.m */; };
		56B0483C1D616390002F935F /* Main.storyboard in Resources */ = {isa = PBXBuildFile; fileRef = 56B0483A1D616390002F935F /* Main.storyboard */; };
		56B0483E1D616390002F935F /* Assets.xcassets in Resources */ = {isa = PBXBuildFile; fileRef = 56B0483D1D616390002F935F /* Assets.xcassets */; };
		56B048411D616390002F935F /* LaunchScreen.storyboard in Resources */ = {isa = PBXBuildFile; fileRef = 56B0483F1D616390002F935F /* LaunchScreen.storyboard */; };
		56B0484A1D61645A002F935F /* EC_ListView.m in Sources */ = {isa = PBXBuildFile; fileRef = 56B048491D61645A002F935F /* EC_ListView.m */; };
/* End PBXBuildFile section */

/* Begin PBXFileReference section */
		56B0482E1D616390002F935F /* EC_ListView.app */ = {isa = PBXFileReference; explicitFileType = wrapper.application; includeInIndex = 0; path = EC_ListView.app; sourceTree = BUILT_PRODUCTS_DIR; };
		56B048321D616390002F935F /* main.m */ = {isa = PBXFileReference; lastKnownFileType = sourcecode.c.objc; path = main.m; sourceTree = "<group>"; };
		56B048341D616390002F935F /* AppDelegate.h */ = {isa = PBXFileReference; lastKnownFileType = sourcecode.c.h; path = AppDelegate.h; sourceTree = "<group>"; };
		56B048351D616390002F935F /* AppDelegate.m */ = {isa = PBXFileReference; lastKnownFileType = sourcecode.c.objc; path = AppDelegate.m; sourceTree = "<group>"; };
		56B048371D616390002F935F /* ViewController.h */ = {isa = PBXFileReference; lastKnownFileType = sourcecode.c.h; path = ViewController.h; sourceTree = "<group>"; };
		56B048381D616390002F935F /* ViewController.m */ = {isa = PBXFileReference; lastKnownFileType = sourcecode.c.objc; path = ViewController.m; sourceTree = "<group>"; };
		56B0483B1D616390002F935F /* Base */ = {isa = PBXFileReference; lastKnownFileType = file.storyboard; name = Base; path = Base.lproj/Main.storyboard; sourceTree = "<group>"; };
		56B0483D1D616390002F935F /* Assets.xcassets */ = {isa = PBXFileReference; lastKnownFileType = folder.assetcatalog; path = Assets.xcassets; sourceTree = "<group>"; };
		56B048401D616390002F935F /* Base */ = {isa = PBXFileReference; lastKnownFileType = file.storyboard; name = Base; path = Base.lproj/LaunchScreen.storyboard; sourceTree = "<group>"; };
		56B048421D616390002F935F /* Info.plist */ = {isa = PBXFileReference; lastKnownFileType = text.plist.xml; path = Info.plist; sourceTree = "<group>"; };
		56B048481D61645A002F935F /* EC_ListView.h */ = {isa = PBXFileReference; fileEncoding = 4; lastKnownFileType = sourcecode.c.h; name = EC_ListView.h; path = EC_ListView/EC_ListView.h; sourceTree = "<group>"; };
		56B048491D61645A002F935F /* EC_ListView.m */ = {isa = PBXFileReference; fileEncoding = 4; lastKnownFileType = sourcecode.c.objc; name = EC_ListView.m; path = EC_ListView/EC_ListView.m; sourceTree = "<group>"; };
/* End PBXFileReference section */

/* Begin PBXFrameworksBuildPhase section */
		56B0482B1D616390002F935F /* Frameworks */ = {
			isa = PBXFrameworksBuildPhase;
			buildActionMask = 2147483647;
			files = (
			);
			runOnlyForDeploymentPostprocessing = 0;
		};
/* End PBXFrameworksBuildPhase section */

/* Begin PBXGroup section */
		56B048251D616390002F935F = {
			isa = PBXGroup;
			children = (
				56B048301D616390002F935F /* EC_ListView */,
				56B0482F1D616390002F935F /* Products */,
			);
			sourceTree = "<group>";
		};
		56B0482F1D616390002F935F /* Products */ = {
			isa = PBXGroup;
			children = (
				56B0482E1D616390002F935F /* EC_ListView.app */,
			);
			name = Products;
			sourceTree = "<group>";
		};
		56B048301D616390002F935F /* EC_ListView */ = {
			isa = PBXGroup;
			children = (
				56B048341D616390002F935F /* AppDelegate.h */,
				56B048351D616390002F935F /* AppDelegate.m */,
				56B048371D616390002F935F /* ViewController.h */,
				56B048381D616390002F935F /* ViewController.m */,
				56B0484B1D61645E002F935F /* EC_ListView */,
				56B0483A1D616390002F935F /* Main.storyboard */,
				56B0483D1D616390002F935F /* Assets.xcassets */,
				56B0483F1D616390002F935F /* LaunchScreen.storyboard */,
				56B048421D616390002F935F /* Info.plist */,
				56B048311D616390002F935F /* Supporting Files */,
			);
			path = EC_ListView;
			sourceTree = "<group>";
		};
		56B048311D616390002F935F /* Supporting Files */ = {
			isa = PBXGroup;
			children = (
				56B048321D616390002F935F /* main.m */,
			);
			name = "Supporting Files";
			sourceTree = "<group>";
		};
		56B0484B1D61645E002F935F /* EC_ListView */ = {
			isa = PBXGroup;
			children = (
				56B048481D61645A002F935F /* EC_ListView.h */,
				56B048491D61645A002F935F /* EC_ListView.m */,
			);
			name = EC_ListView;
			sourceTree = "<group>";
		};
/* End PBXGroup section */

/* Begin PBXNativeTarget section */
		56B0482D1D616390002F935F /* EC_ListView */ = {
			isa = PBXNativeTarget;
			buildConfigurationList = 56B048451D616390002F935F /* Build configuration list for PBXNativeTarget "EC_ListView" */;
			buildPhases = (
				56B0482A1D616390002F935F /* Sources */,
				56B0482B1D616390002F935F /* Frameworks */,
				56B0482C1D616390002F935F /* Resources */,
			);
			buildRules = (
			);
			dependencies = (
			);
			name = EC_ListView;
			productName = EC_ListView;
			productReference = 56B0482E1D616390002F935F /* EC_ListView.app */;
			productType = "com.apple.product-type.application";
		};
/* End PBXNativeTarget section */

/* Begin PBXProject section */
		56B048261D616390002F935F /* Project object */ = {
			isa = PBXProject;
			attributes = {
				LastUpgradeCheck = 0730;
				ORGANIZATIONNAME = BDHOME;
				TargetAttributes = {
					56B0482D1D616390002F935F = {
						CreatedOnToolsVersion = 7.3.1;
					};
				};
			};
			buildConfigurationList = 56B048291D616390002F935F /* Build configuration list for PBXProject "EC_ListView" */;
			compatibilityVersion = "Xcode 3.2";
			developmentRegion = English;
			hasScannedForEncodings = 0;
			knownRegions = (
				en,
				Base,
			);
			mainGroup = 56B048251D616390002F935F;
			productRefGroup = 56B0482F1D616390002F935F /* Products */;
			projectDirPath = "";
			projectRoot = "";
			targets = (
				56B0482D1D616390002F935F /* EC_ListView */,
			);
		};
/* End PBXProject section */

/* Begin PBXResourcesBuildPhase section */
		56B0482C1D616390002F935F /* Resources */ = {
			isa = PBXResourcesBuildPhase;
			buildActionMask = 2147483647;
			files = (
				56B048411D616390002F935F /* LaunchScreen.storyboard in Resources */,
				56B0483E1D616390002F935F /* Assets.xcassets in Resources */,
				56B0483C1D616390002F935F /* Main.storyboard in Resources */,
			);
			runOnlyForDeploymentPostprocessing = 0;
		};
/* End PBXResourcesBuildPhase section */

/* Begin PBXSourcesBuildPhase section */
		56B0482A1D616390002F935F /* Sources */ = {
			isa = PBXSourcesBuildPhase;
			buildActionMask = 2147483647;
			files = (
				56B048391D616390002F935F /* ViewController.m in Sources */,
				56B048361D616390002F935F /* AppDelegate.m in Sources */,
				56B0484A1D61645A002F935F /* EC_ListView.m in Sources */,
				56B048331D616390002F935F /* main.m in Sources */,
			);
			runOnlyForDeploymentPostprocessing = 0;
		};
/* End PBXSourcesBuildPhase section */

/* Begin PBXVariantGroup section */
		56B0483A1D616390002F935F /* Main.storyboard */ = {
			isa = PBXVariantGroup;
			children = (
				56B0483B1D616390002F935F /* Base */,
			);
			name = Main.storyboard;
			sourceTree = "<group>";
		};
		56B0483F1D616390002F935F /* LaunchScreen.storyboard */ = {
			isa = PBXVariantGroup;
			children = (
				56B048401D616390002F935F /* Base */,
			);
			name = LaunchScreen.storyboard;
			sourceTree = "<group>";
		};
/* End PBXVariantGroup section */

/* Begin XCBuildConfiguration section */
		56B048431D616390002F935F /* Debug */ = {
			isa = XCBuildConfiguration;
			buildSettings = {
				ALWAYS_SEARCH_USER_PATHS = NO;
				CLANG_ANALYZER_NONNULL = YES;
				CLANG_CXX_LANGUAGE_STANDARD = "gnu++0x";
				CLANG_CXX_LIBRARY = "libc++";
				CLANG_ENABLE_MODULES = YES;
				CLANG_ENABLE_OBJC_ARC = YES;
				CLANG_WARN_BOOL_CONVERSION = YES;
				CLANG_WARN_CONSTANT_CONVERSION = YES;
				CLANG_WARN_DIRECT_OBJC_ISA_USAGE = YES_ERROR;
				CLANG_WARN_EMPTY_BODY = YES;
				CLANG_WARN_ENUM_CONVERSION = YES;
				CLANG_WARN_INT_CONVERSION = YES;
				CLANG_WARN_OBJC_ROOT_CLASS = YES_ERROR;
				CLANG_WARN_UNREACHABLE_CODE = YES;
				CLANG_WARN__DUPLICATE_METHOD_MATCH = YES;
				"CODE_SIGN_IDENTITY[sdk=iphoneos*]" = "iPhone Developer";
				COPY_PHASE_STRIP = NO;
				DEBUG_INFORMATION_FORMAT = dwarf;
				ENABLE_STRICT_OBJC_MSGSEND = YES;
				ENABLE_TESTABILITY = YES;
				GCC_C_LANGUAGE_STANDARD = gnu99;
				GCC_DYNAMIC_NO_PIC = NO;
				GCC_NO_COMMON_BLOCKS = YES;
				GCC_OPTIMIZATION_LEVEL = 0;
				GCC_PREPROCESSOR_DEFINITIONS = (
					"DEBUG=1",
					"$(inherited)",
				);
				GCC_WARN_64_TO_32_BIT_CONVERSION = YES;
				GCC_WARN_ABOUT_RETURN_TYPE = YES_ERROR;
				GCC_WARN_UNDECLARED_SELECTOR = YES;
				GCC_WARN_UNINITIALIZED_AUTOS = YES_AGGRESSIVE;
				GCC_WARN_UNUSED_FUNCTION = YES;
				GCC_WARN_UNUSED_VARIABLE = YES;
				IPHONEOS_DEPLOYMENT_TARGET = 9.3;
				MTL_ENABLE_DEBUG_INFO = YES;
				ONLY_ACTIVE_ARCH = YES;
				SDKROOT = iphoneos;
				TARGETED_DEVICE_FAMILY = "1,2";
			};
			name = Debug;
		};
		56B048441D616390002F935F /* Release */ = {
			isa = XCBuildConfiguration;
			buildSettings = {
				ALWAYS_SEARCH_USER_PATHS = NO;
				CLANG_ANALYZER_NONNULL = YES;
				CLANG_CXX_LANGUAGE_STANDARD = "gnu++0x";
				CLANG_CXX_LIBRARY = "libc++";
				CLANG_ENABLE_MODULES = YES;
				CLANG_ENABLE_OBJC_ARC = YES;
				CLANG_WARN_BOOL_CONVERSION = YES;
				CLANG_WARN_CONSTANT_CONVERSION = YES;
				CLANG_WARN_DIRECT_OBJC_ISA_USAGE = YES_ERROR;
				CLANG_WARN_EMPTY_BODY = YES;
				CLANG_WARN_ENUM_CONVERSION = YES;
				CLANG_WARN_INT_CONVERSION = YES;
				CLANG_WARN_OBJC_ROOT_CLASS = YES_ERROR;
				CLANG_WARN_UNREACHABLE_CODE = YES;
				CLANG_WARN__DUPLICATE_METHOD_MATCH = YES;
				"CODE_SIGN_IDENTITY[sdk=iphoneos*]" = "iPhone Developer";
				COPY_PHASE_STRIP = NO;
				DEBUG_INFORMATION_FORMAT = "dwarf-with-dsym";
				ENABLE_NS_ASSERTIONS = NO;
				ENABLE_STRICT_OBJC_MSGSEND = YES;
				GCC_C_LANGUAGE_STANDARD = gnu99;
				GCC_NO_COMMON_BLOCKS = YES;
				GCC_WARN_64_TO_32_BIT_CONVERSION = YES;
				GCC_WARN_ABOUT_RETURN_TYPE = YES_ERROR;
				GCC_WARN_UNDECLARED_SELECTOR = YES;
				GCC_WARN_UNINITIALIZED_AUTOS = YES_AGGRESSIVE;
				GCC_WARN_UNUSED_FUNCTION = YES;
				GCC_WARN_UNUSED_VARIABLE = YES;
				IPHONEOS_DEPLOYMENT_TARGET = 9.3;
				MTL_ENABLE_DEBUG_INFO = NO;
				SDKROOT = iphoneos;
				TARGETED_DEVICE_FAMILY = "1,2";
				VALIDATE_PRODUCT = YES;
			};
			name = Release;
		};
		56B048461D616390002F935F /* Debug */ = {
			isa = XCBuildConfiguration;
			buildSettings = {
				ASSETCATALOG_COMPILER_APPICON_NAME = AppIcon;
				INFOPLIST_FILE = EC_ListView/Info.plist;
				LD_RUNPATH_SEARCH_PATHS = "$(inherited) @executable_path/Frameworks";
				PRODUCT_BUNDLE_IDENTIFIER = "com.bdhome.EC-ListView";
				PRODUCT_NAME = "$(TARGET_NAME)";
			};
			name = Debug;
		};
		56B048471D616390002F935F /* Release */ = {
			isa = XCBuildConfiguration;
			buildSettings = {
				ASSETCATALOG_COMPILER_APPICON_NAME = AppIcon;
				INFOPLIST_FILE = EC_ListView/Info.plist;
				LD_RUNPATH_SEARCH_PATHS = "$(inherited) @executable_path/Frameworks";
				PRODUCT_BUNDLE_IDENTIFIER = "com.bdhome.EC-ListView";
				PRODUCT_NAME = "$(TARGET_NAME)";
			};
			name = Release;
		};
/* End XCBuildConfiguration section */

/* Begin XCConfigurationList section */
		56B048291D616390002F935F /* Build configuration list for PBXProject "EC_ListView" */ = {
			isa = XCConfigurationList;
			buildConfigurations = (
				56B048431D616390002F935F /* Debug */,
				56B048441D616390002F935F /* Release */,
			);
			defaultConfigurationIsVisible = 0;
			defaultConfigurationName = Release;
		};
		56B048451D616390002F935F /* Build configuration list for PBXNativeTarget "EC_ListView" */ = {
			isa = XCConfigurationList;
			buildConfigurations = (
				56B048461D616390002F935F /* Debug */,
				56B048471D616390002F935F /* Release */,
			);
			defaultConfigurationIsVisible = 0;
		};
/* End XCConfigurationList section */
	};
	rootObject = 56B048261D616390002F935F /* Project object */;
}
